
Microsoft Visual Studio Solution File, Format Version 11.00
# Visual C# Express 2010
Project("{FAE04EC0-301F-11D3-BF4B-00C04F79EFBC}") = "netmfazurestorage", "netmfazurestorage.csproj", "{1662719F-BF15-4E0A-B4FA-86F29D4B078D}"
EndProject
Project("{FAE04EC0-301F-11D3-BF4B-00C04F79EFBC}") = "TestRunner", "..\TestRunner\TestRunner.csproj", "{0561F84F-D368-4A83-8D5E-4058B4E30909}"
EndProject
Project("{FAE04EC0-301F-11D3-BF4B-00C04F79EFBC}") = "cloudbrew1", "..\cloudbrew1\cloudbrew1.csproj", "{6864EE32-5746-420B-A92A-218234829905}"
EndProject
Project("{FAE04EC0-301F-11D3-BF4B-00C04F79EFBC}") = "cloudbrew2", "..\cloudbrew2\cloudbrew2.csproj", "{BEC8B86E-FCDC-4F1C-9572-D89597F06B76}"
EndProject
Project("{FAE04EC0-301F-11D3-BF4B-00C04F79EFBC}") = "cloudbrew3", "cloudbrew3\cloudbrew3.csproj", "{EFC7D8D5-3863-4411-91D0-E4B2BA82FC54}"
EndProject
Global
	GlobalSection(SolutionConfigurationPlatforms) = preSolution
		Debug|Any CPU = Debug|Any CPU
		Release|Any CPU = Release|Any CPU
	EndGlobalSection
	GlobalSection(ProjectConfigurationPlatforms) = postSolution
		{1662719F-BF15-4E0A-B4FA-86F29D4B078D}.Debug|Any CPU.ActiveCfg = Debug|Any CPU
		{1662719F-BF15-4E0A-B4FA-86F29D4B078D}.Debug|Any CPU.Build.0 = Debug|Any CPU
		{1662719F-BF15-4E0A-B4FA-86F29D4B078D}.Debug|Any CPU.Deploy.0 = Debug|Any CPU
		{1662719F-BF15-4E0A-B4FA-86F29D4B078D}.Release|Any CPU.ActiveCfg = Release|Any CPU
		{1662719F-BF15-4E0A-B4FA-86F29D4B078D}.Release|Any CPU.Build.0 = Release|Any CPU
		{1662719F-BF15-4E0A-B4FA-86F29D4B078D}.Release|Any CPU.Deploy.0 = Release|Any CPU
		{0561F84F-D368-4A83-8D5E-4058B4E30909}.Debug|Any CPU.ActiveCfg = Debug|Any CPU
		{0561F84F-D368-4A83-8D5E-4058B4E30909}.Debug|Any CPU.Build.0 = Debug|Any CPU
		{0561F84F-D368-4A83-8D5E-4058B4E30909}.Debug|Any CPU.Deploy.0 = Debug|Any CPU
		{0561F84F-D368-4A83-8D5E-4058B4E30909}.Release|Any CPU.ActiveCfg = Release|Any CPU
		{0561F84F-D368-4A83-8D5E-4058B4E30909}.Release|Any CPU.Build.0 = Release|Any CPU
		{0561F84F-D368-4A83-8D5E-4058B4E30909}.Release|Any CPU.Deploy.0 = Release|Any CPU
		{6864EE32-5746-420B-A92A-218234829905}.Debug|Any CPU.ActiveCfg = Debug|Any CPU
		{6864EE32-5746-420B-A92A-218234829905}.Debug|Any CPU.Build.0 = Debug|Any CPU
		{6864EE32-5746-420B-A92A-218234829905}.Debug|Any CPU.Deploy.0 = Debug|Any CPU
		{6864EE32-5746-420B-A92A-218234829905}.Release|Any CPU.ActiveCfg = Release|Any CPU
		{6864EE32-5746-420B-A92A-218234829905}.Release|Any CPU.Build.0 = Release|Any CPU
		{6864EE32-5746-420B-A92A-218234829905}.Release|Any CPU.Deploy.0 = Release|Any CPU
		{BEC8B86E-FCDC-4F1C-9572-D89597F06B76}.Debug|Any CPU.ActiveCfg = Debug|Any CPU
		{BEC8B86E-FCDC-4F1C-9572-D89597F06B76}.Debug|Any CPU.Build.0 = Debug|Any CPU
		{BEC8B86E-FCDC-4F1C-9572-D89597F06B76}.Debug|Any CPU.Deploy.0 = Debug|Any CPU
		{BEC8B86E-FCDC-4F1C-9572-D89597F06B76}.Release|Any CPU.ActiveCfg = Release|Any CPU
		{BEC8B86E-FCDC-4F1C-9572-D89597F06B76}.Release|Any CPU.Build.0 = Release|Any CPU
		{BEC8B86E-FCDC-4F1C-9572-D89597F06B76}.Release|Any CPU.Deploy.0 = Release|Any CPU
		{EFC7D8D5-3863-4411-91D0-E4B2BA82FC54}.Debug|Any CPU.ActiveCfg = Debug|Any CPU
		{EFC7D8D5-3863-4411-91D0-E4B2BA82FC54}.Debug|Any CPU.Build.0 = Debug|Any CPU
		{EFC7D8D5-3863-4411-91D0-E4B2BA82FC54}.Debug|Any CPU.Deploy.0 = Debug|Any CPU
		{EFC7D8D5-3863-4411-91D0-E4B2BA82FC54}.Release|Any CPU.ActiveCfg = Release|Any CPU
		{EFC7D8D5-3863-4411-91D0-E4B2BA82FC54}.Release|Any CPU.Build.0 = Release|Any CPU
		{EFC7D8D5-3863-4411-91D0-E4B2BA82FC54}.Release|Any CPU.Deploy.0 = Release|Any CPU
	EndGlobalSection
	GlobalSection(SolutionProperties) = preSolution
		HideSolutionNode = FALSE
	EndGlobalSection
EndGlobal
